
Microsoft Visual Studio Solution File, Format Version 12.00
# Visual Studio Version 17
VisualStudioVersion = 17.7.33927.210
MinimumVisualStudioVersion = 10.0.40219.1
Project("{9A19103F-16F7-4668-BE54-9A1E7A4F7556}") = "ContosoCrafts.Website", "ContosoCrafts.Website\ContosoCrafts.Website.csproj", "{187FB7D8-F6E2-4FEB-B2EF-1BE23280CB05}"
EndProject
Global
	GlobalSection(SolutionConfigurationPlatforms) = preSolution
		Debug|Any CPU = Debug|Any CPU
		Release|Any CPU = Release|Any CPU
	EndGlobalSection
	GlobalSection(ProjectConfigurationPlatforms) = postSolution
		{187FB7D8-F6E2-4FEB-B2EF-1BE23280CB05}.Debug|Any CPU.ActiveCfg = Debug|Any CPU
		{187FB7D8-F6E2-4FEB-B2EF-1BE23280CB05}.Debug|Any CPU.Build.0 = Debug|Any CPU
		{187FB7D8-F6E2-4FEB-B2EF-1BE23280CB05}.Release|Any CPU.ActiveCfg = Release|Any CPU
		{187FB7D8-F6E2-4FEB-B2EF-1BE23280CB05}.Release|Any CPU.Build.0 = Release|Any CPU
	EndGlobalSection
	GlobalSection(SolutionProperties) = preSolution
		HideSolutionNode = FALSE
	EndGlobalSection
	GlobalSection(ExtensibilityGlobals) = postSolution
		SolutionGuid = {9A29E29F-CF71-4330-938B-4A3B3BE24B63}
	EndGlobalSection
EndGlobal
